
Microsoft Visual Studio Solution File, Format Version 12.00
# Visual Studio 14
VisualStudioVersion = 14.0.25420.1
MinimumVisualStudioVersion = 10.0.40219.1
Project("{F14B399A-7131-4C87-9E4B-1186C45EF12D}") = "ReportsProject", "ReportsProject.rptproj", "{855C8639-68C7-472B-A377-238EC79E3EBE}"
EndProject
Global
	GlobalSection(SolutionConfigurationPlatforms) = preSolution
		Debug|Default = Debug|Default
		DebugLocal|Default = DebugLocal|Default
		Release|Default = Release|Default
	EndGlobalSection
	GlobalSection(ProjectConfigurationPlatforms) = postSolution
		{855C8639-68C7-472B-A377-238EC79E3EBE}.Debug|Default.ActiveCfg = Debug
		{855C8639-68C7-472B-A377-238EC79E3EBE}.Debug|Default.Build.0 = Debug
		{855C8639-68C7-472B-A377-238EC79E3EBE}.Debug|Default.Deploy.0 = Debug
		{855C8639-68C7-472B-A377-238EC79E3EBE}.DebugLocal|Default.ActiveCfg = DebugLocal
		{855C8639-68C7-472B-A377-238EC79E3EBE}.DebugLocal|Default.Build.0 = DebugLocal
		{855C8639-68C7-472B-A377-238EC79E3EBE}.Release|Default.ActiveCfg = Release
		{855C8639-68C7-472B-A377-238EC79E3EBE}.Release|Default.Build.0 = Release
		{855C8639-68C7-472B-A377-238EC79E3EBE}.Release|Default.Deploy.0 = Release
	EndGlobalSection
	GlobalSection(SolutionProperties) = preSolution
		HideSolutionNode = FALSE
	EndGlobalSection
EndGlobal
